
Microsoft Visual Studio Solution File, Format Version 12.00
# Visual Studio Version 17
VisualStudioVersion = 17.1.32421.90
MinimumVisualStudioVersion = 10.0.40219.1
Project("{FAE04EC0-301F-11D3-BF4B-00C04F79EFBC}") = "east-india-trading-co", "east-india-trading-co\east-india-trading-co.csproj", "{B66CD078-A52D-4144-9B95-356D760CC94C}"
EndProject
Global
	GlobalSection(SolutionConfigurationPlatforms) = preSolution
		Debug|Any CPU = Debug|Any CPU
		Release|Any CPU = Release|Any CPU
	EndGlobalSection
	GlobalSection(ProjectConfigurationPlatforms) = postSolution
		{B66CD078-A52D-4144-9B95-356D760CC94C}.Debug|Any CPU.ActiveCfg = Debug|Any CPU
		{B66CD078-A52D-4144-9B95-356D760CC94C}.Debug|Any CPU.Build.0 = Debug|Any CPU
		{B66CD078-A52D-4144-9B95-356D760CC94C}.Release|Any CPU.ActiveCfg = Release|Any CPU
		{B66CD078-A52D-4144-9B95-356D760CC94C}.Release|Any CPU.Build.0 = Release|Any CPU
	EndGlobalSection
	GlobalSection(SolutionProperties) = preSolution
		HideSolutionNode = FALSE
	EndGlobalSection
	GlobalSection(ExtensibilityGlobals) = postSolution
		SolutionGuid = {379B59D9-8249-4088-ABC8-A818DA3CA783}
	EndGlobalSection
EndGlobal
